
Microsoft Visual Studio Solution File, Format Version 12.00
# Visual Studio Version 17
VisualStudioVersion = 17.5.33530.505
MinimumVisualStudioVersion = 10.0.40219.1
Project("{9A19103F-16F7-4668-BE54-9A1E7A4F7556}") = "HighSchoolQuestAPI", "HighSchoolQuestAPI\HighSchoolQuestAPI.csproj", "{AEAE67BB-3211-4068-A694-CFDA309ABAED}"
EndProject
Project("{9A19103F-16F7-4668-BE54-9A1E7A4F7556}") = "ApplicationContext", "ApplicationContext\ApplicationContext.csproj", "{A25DDC45-7F84-4189-8298-EA7D6A0ED2DC}"
EndProject
Project("{9A19103F-16F7-4668-BE54-9A1E7A4F7556}") = "Domain", "Domain\Domain.csproj", "{31532025-0659-463F-8F2B-15EBC00267C7}"
EndProject
Project("{9A19103F-16F7-4668-BE54-9A1E7A4F7556}") = "DataAccessLayer", "DataAccessLayer\DataAccessLayer.csproj", "{5E9791CA-7AEC-4315-BE36-0DAE910ABF78}"
EndProject
Project("{FAE04EC0-301F-11D3-BF4B-00C04F79EFBC}") = "BusinessLogicLayer", "BusinessLogicLayer\BusinessLogicLayer.csproj", "{FFF35B42-B72D-4F89-89E9-F64E502599D5}"
EndProject
Global
	GlobalSection(SolutionConfigurationPlatforms) = preSolution
		Debug|Any CPU = Debug|Any CPU
		Release|Any CPU = Release|Any CPU
	EndGlobalSection
	GlobalSection(ProjectConfigurationPlatforms) = postSolution
		{AEAE67BB-3211-4068-A694-CFDA309ABAED}.Debug|Any CPU.ActiveCfg = Debug|Any CPU
		{AEAE67BB-3211-4068-A694-CFDA309ABAED}.Debug|Any CPU.Build.0 = Debug|Any CPU
		{AEAE67BB-3211-4068-A694-CFDA309ABAED}.Release|Any CPU.ActiveCfg = Release|Any CPU
		{AEAE67BB-3211-4068-A694-CFDA309ABAED}.Release|Any CPU.Build.0 = Release|Any CPU
		{A25DDC45-7F84-4189-8298-EA7D6A0ED2DC}.Debug|Any CPU.ActiveCfg = Debug|Any CPU
		{A25DDC45-7F84-4189-8298-EA7D6A0ED2DC}.Debug|Any CPU.Build.0 = Debug|Any CPU
		{A25DDC45-7F84-4189-8298-EA7D6A0ED2DC}.Release|Any CPU.ActiveCfg = Release|Any CPU
		{A25DDC45-7F84-4189-8298-EA7D6A0ED2DC}.Release|Any CPU.Build.0 = Release|Any CPU
		{31532025-0659-463F-8F2B-15EBC00267C7}.Debug|Any CPU.ActiveCfg = Debug|Any CPU
		{31532025-0659-463F-8F2B-15EBC00267C7}.Debug|Any CPU.Build.0 = Debug|Any CPU
		{31532025-0659-463F-8F2B-15EBC00267C7}.Release|Any CPU.ActiveCfg = Release|Any CPU
		{31532025-0659-463F-8F2B-15EBC00267C7}.Release|Any CPU.Build.0 = Release|Any CPU
		{5E9791CA-7AEC-4315-BE36-0DAE910ABF78}.Debug|Any CPU.ActiveCfg = Debug|Any CPU
		{5E9791CA-7AEC-4315-BE36-0DAE910ABF78}.Debug|Any CPU.Build.0 = Debug|Any CPU
		{5E9791CA-7AEC-4315-BE36-0DAE910ABF78}.Release|Any CPU.ActiveCfg = Release|Any CPU
		{5E9791CA-7AEC-4315-BE36-0DAE910ABF78}.Release|Any CPU.Build.0 = Release|Any CPU
		{FFF35B42-B72D-4F89-89E9-F64E502599D5}.Debug|Any CPU.ActiveCfg = Debug|Any CPU
		{FFF35B42-B72D-4F89-89E9-F64E502599D5}.Debug|Any CPU.Build.0 = Debug|Any CPU
		{FFF35B42-B72D-4F89-89E9-F64E502599D5}.Release|Any CPU.ActiveCfg = Release|Any CPU
		{FFF35B42-B72D-4F89-89E9-F64E502599D5}.Release|Any CPU.Build.0 = Release|Any CPU
	EndGlobalSection
	GlobalSection(SolutionProperties) = preSolution
		HideSolutionNode = FALSE
	EndGlobalSection
	GlobalSection(ExtensibilityGlobals) = postSolution
		SolutionGuid = {D276ECF4-ECA6-4412-8982-4795594A35F0}
	EndGlobalSection
EndGlobal
